// !$*UTF8*$!
{
	archiveVersion = 1;
	classes = {
	};
	objectVersion = 46;
	objects = {

/* Begin PBXBuildFile section */
		222489741D432BFC00594453 /* TKBubbleTutorialView.m in Sources */ = {isa = PBXBuildFile; fileRef = 222489731D432BFC00594453 /* TKBubbleTutorialView.m */; };
		225CBCB81D431791005E06EB /* TKTutorial.m in Sources */ = {isa = PBXBuildFile; fileRef = 225CBCB71D431791005E06EB /* TKTutorial.m */; };
		225CBCBC1D4317DA005E06EB /* TKTutorialView.m in Sources */ = {isa = PBXBuildFile; fileRef = 225CBCBB1D4317DA005E06EB /* TKTutorialView.m */; };
		225CBCBF1D431875005E06EB /* TKBannerTutorialView.m in Sources */ = {isa = PBXBuildFile; fileRef = 225CBCBE1D431875005E06EB /* TKBannerTutorialView.m */; };
		225CBCC21D4319F9005E06EB /* TKTutorialTheme.m in Sources */ = {isa = PBXBuildFile; fileRef = 225CBCC11D4319F9005E06EB /* TKTutorialTheme.m */; };
		2284318F1D43E26000E7172A /* TKLabelTutorialView.m in Sources */ = {isa = PBXBuildFile; fileRef = 2284318E1D43E26000E7172A /* TKLabelTutorialView.m */; };
		2284319A1D4437C900E7172A /* TKSwipeGestureTutorialView.m in Sources */ = {isa = PBXBuildFile; fileRef = 228431971D4437C900E7172A /* TKSwipeGestureTutorialView.m */; };
		2284319B1D4437C900E7172A /* TKTapGestureTutorialView.m in Sources */ = {isa = PBXBuildFile; fileRef = 228431991D4437C900E7172A /* TKTapGestureTutorialView.m */; };
		22E267521D427B83000DD04F /* (null) in Sources */ = {isa = PBXBuildFile; };
		22E267581D427B83000DD04F /* (null) in Sources */ = {isa = PBXBuildFile; };
		22E2675B1D427B83000DD04F /* Main.storyboard in Resources */ = {isa = PBXBuildFile; fileRef = 22E267591D427B83000DD04F /* Main.storyboard */; };
		22E2675D1D427B83000DD04F /* Assets.xcassets in Resources */ = {isa = PBXBuildFile; fileRef = 22E2675C1D427B83000DD04F /* Assets.xcassets */; };
		22E267601D427B83000DD04F /* LaunchScreen.storyboard in Resources */ = {isa = PBXBuildFile; fileRef = 22E2675E1D427B83000DD04F /* LaunchScreen.storyboard */; };
		94FBF7B01D432A4D00D12213 /* AppDelegate.swift in Sources */ = {isa = PBXBuildFile; fileRef = 94FBF7AD1D432A4D00D12213 /* AppDelegate.swift */; };
		94FBF7B41D4334D000D12213 /* HomeViewController.swift in Sources */ = {isa = PBXBuildFile; fileRef = 94FBF7B31D4334D000D12213 /* HomeViewController.swift */; };
		94FBF7B61D4336B900D12213 /* SettingsViewController.swift in Sources */ = {isa = PBXBuildFile; fileRef = 94FBF7B51D4336B900D12213 /* SettingsViewController.swift */; };
/* End PBXBuildFile section */

/* Begin PBXFileReference section */
		222489721D432BFC00594453 /* TKBubbleTutorialView.h */ = {isa = PBXFileReference; fileEncoding = 4; lastKnownFileType = sourcecode.c.h; name = TKBubbleTutorialView.h; path = TutorialKit/TKBubbleTutorialView.h; sourceTree = "<group>"; };
		222489731D432BFC00594453 /* TKBubbleTutorialView.m */ = {isa = PBXFileReference; fileEncoding = 4; lastKnownFileType = sourcecode.c.objc; name = TKBubbleTutorialView.m; path = TutorialKit/TKBubbleTutorialView.m; sourceTree = "<group>"; };
		225CBCB61D431791005E06EB /* TKTutorial.h */ = {isa = PBXFileReference; fileEncoding = 4; lastKnownFileType = sourcecode.c.h; name = TKTutorial.h; path = TutorialKit/TKTutorial.h; sourceTree = "<group>"; };
		225CBCB71D431791005E06EB /* TKTutorial.m */ = {isa = PBXFileReference; fileEncoding = 4; lastKnownFileType = sourcecode.c.objc; name = TKTutorial.m; path = TutorialKit/TKTutorial.m; sourceTree = "<group>"; };
		225CBCBA1D4317DA005E06EB /* TKTutorialView.h */ = {isa = PBXFileReference; fileEncoding = 4; lastKnownFileType = sourcecode.c.h; name = TKTutorialView.h; path = TutorialKit/TKTutorialView.h; sourceTree = "<group>"; };
		225CBCBB1D4317DA005E06EB /* TKTutorialView.m */ = {isa = PBXFileReference; fileEncoding = 4; lastKnownFileType = sourcecode.c.objc; name = TKTutorialView.m; path = TutorialKit/TKTutorialView.m; sourceTree = "<group>"; };
		225CBCBD1D431875005E06EB /* TKBannerTutorialView.h */ = {isa = PBXFileReference; fileEncoding = 4; lastKnownFileType = sourcecode.c.h; name = TKBannerTutorialView.h; path = TutorialKit/TKBannerTutorialView.h; sourceTree = "<group>"; };
		225CBCBE1D431875005E06EB /* TKBannerTutorialView.m */ = {isa = PBXFileReference; fileEncoding = 4; lastKnownFileType = sourcecode.c.objc; name = TKBannerTutorialView.m; path = TutorialKit/TKBannerTutorialView.m; sourceTree = "<group>"; };
		225CBCC01D4319F9005E06EB /* TKTutorialTheme.h */ = {isa = PBXFileReference; fileEncoding = 4; lastKnownFileType = sourcecode.c.h; name = TKTutorialTheme.h; path = TutorialKit/TKTutorialTheme.h; sourceTree = "<group>"; };
		225CBCC11D4319F9005E06EB /* TKTutorialTheme.m */ = {isa = PBXFileReference; fileEncoding = 4; lastKnownFileType = sourcecode.c.objc; name = TKTutorialTheme.m; path = TutorialKit/TKTutorialTheme.m; sourceTree = "<group>"; };
		225CBCC31D431A43005E06EB /* TutorialKit.h */ = {isa = PBXFileReference; fileEncoding = 4; lastKnownFileType = sourcecode.c.h; name = TutorialKit.h; path = TutorialKit/TutorialKit.h; sourceTree = "<group>"; };
		2284318D1D43E26000E7172A /* TKLabelTutorialView.h */ = {isa = PBXFileReference; fileEncoding = 4; lastKnownFileType = sourcecode.c.h; name = TKLabelTutorialView.h; path = TutorialKit/TKLabelTutorialView.h; sourceTree = "<group>"; };
		2284318E1D43E26000E7172A /* TKLabelTutorialView.m */ = {isa = PBXFileReference; fileEncoding = 4; lastKnownFileType = sourcecode.c.objc; name = TKLabelTutorialView.m; path = TutorialKit/TKLabelTutorialView.m; sourceTree = "<group>"; };
		228431921D43FC0900E7172A /* TutorialKitBridgingHeader.h */ = {isa = PBXFileReference; lastKnownFileType = sourcecode.c.h; path = TutorialKitBridgingHeader.h; sourceTree = "<group>"; };
		228431961D4437C900E7172A /* TKSwipeGestureTutorialView.h */ = {isa = PBXFileReference; fileEncoding = 4; lastKnownFileType = sourcecode.c.h; name = TKSwipeGestureTutorialView.h; path = TutorialKit/TKSwipeGestureTutorialView.h; sourceTree = "<group>"; };
		228431971D4437C900E7172A /* TKSwipeGestureTutorialView.m */ = {isa = PBXFileReference; fileEncoding = 4; lastKnownFileType = sourcecode.c.objc; name = TKSwipeGestureTutorialView.m; path = TutorialKit/TKSwipeGestureTutorialView.m; sourceTree = "<group>"; };
		228431981D4437C900E7172A /* TKTapGestureTutorialView.h */ = {isa = PBXFileReference; fileEncoding = 4; lastKnownFileType = sourcecode.c.h; name = TKTapGestureTutorialView.h; path = TutorialKit/TKTapGestureTutorialView.h; sourceTree = "<group>"; };
		228431991D4437C900E7172A /* TKTapGestureTutorialView.m */ = {isa = PBXFileReference; fileEncoding = 4; lastKnownFileType = sourcecode.c.objc; name = TKTapGestureTutorialView.m; path = TutorialKit/TKTapGestureTutorialView.m; sourceTree = "<group>"; };
		22E2674A1D427B83000DD04F /* TutorialKitDemo.app */ = {isa = PBXFileReference; explicitFileType = wrapper.application; includeInIndex = 0; path = TutorialKitDemo.app; sourceTree = BUILT_PRODUCTS_DIR; };
		22E2675A1D427B83000DD04F /* Base */ = {isa = PBXFileReference; lastKnownFileType = file.storyboard; name = Base; path = Base.lproj/Main.storyboard; sourceTree = "<group>"; };
		22E2675C1D427B83000DD04F /* Assets.xcassets */ = {isa = PBXFileReference; lastKnownFileType = folder.assetcatalog; path = Assets.xcassets; sourceTree = "<group>"; };
		22E2675F1D427B83000DD04F /* Base */ = {isa = PBXFileReference; lastKnownFileType = file.storyboard; name = Base; path = Base.lproj/LaunchScreen.storyboard; sourceTree = "<group>"; };
		22E267611D427B83000DD04F /* Info.plist */ = {isa = PBXFileReference; lastKnownFileType = text.plist.xml; path = Info.plist; sourceTree = "<group>"; };
		94FBF7AD1D432A4D00D12213 /* AppDelegate.swift */ = {isa = PBXFileReference; fileEncoding = 4; lastKnownFileType = sourcecode.swift; path = AppDelegate.swift; sourceTree = "<group>"; };
		94FBF7B31D4334D000D12213 /* HomeViewController.swift */ = {isa = PBXFileReference; fileEncoding = 4; lastKnownFileType = sourcecode.swift; path = HomeViewController.swift; sourceTree = "<group>"; };
		94FBF7B51D4336B900D12213 /* SettingsViewController.swift */ = {isa = PBXFileReference; fileEncoding = 4; lastKnownFileType = sourcecode.swift; path = SettingsViewController.swift; sourceTree = "<group>"; };
/* End PBXFileReference section */

/* Begin PBXFrameworksBuildPhase section */
		22E267471D427B83000DD04F /* Frameworks */ = {
			isa = PBXFrameworksBuildPhase;
			buildActionMask = 2147483647;
			files = (
			);
			runOnlyForDeploymentPostprocessing = 0;
		};
/* End PBXFrameworksBuildPhase section */

/* Begin PBXGroup section */
		225CBCB91D4317AB005E06EB /* TutorialKit */ = {
			isa = PBXGroup;
			children = (
				225CBCC31D431A43005E06EB /* TutorialKit.h */,
				225CBCB61D431791005E06EB /* TKTutorial.h */,
				225CBCB71D431791005E06EB /* TKTutorial.m */,
				225CBCBA1D4317DA005E06EB /* TKTutorialView.h */,
				225CBCBB1D4317DA005E06EB /* TKTutorialView.m */,
				228431901D43E31E00E7172A /* Label Tutorials */,
				2284319C1D4437D100E7172A /* Gesture Tutorials */,
				225CBCC01D4319F9005E06EB /* TKTutorialTheme.h */,
				225CBCC11D4319F9005E06EB /* TKTutorialTheme.m */,
			);
			name = TutorialKit;
			sourceTree = "<group>";
		};
		228431901D43E31E00E7172A /* Label Tutorials */ = {
			isa = PBXGroup;
			children = (
				2284318D1D43E26000E7172A /* TKLabelTutorialView.h */,
				2284318E1D43E26000E7172A /* TKLabelTutorialView.m */,
				225CBCBD1D431875005E06EB /* TKBannerTutorialView.h */,
				225CBCBE1D431875005E06EB /* TKBannerTutorialView.m */,
				222489721D432BFC00594453 /* TKBubbleTutorialView.h */,
				222489731D432BFC00594453 /* TKBubbleTutorialView.m */,
			);
			name = "Label Tutorials";
			sourceTree = "<group>";
		};
		2284319C1D4437D100E7172A /* Gesture Tutorials */ = {
			isa = PBXGroup;
			children = (
				228431961D4437C900E7172A /* TKSwipeGestureTutorialView.h */,
				228431971D4437C900E7172A /* TKSwipeGestureTutorialView.m */,
				228431981D4437C900E7172A /* TKTapGestureTutorialView.h */,
				228431991D4437C900E7172A /* TKTapGestureTutorialView.m */,
			);
			name = "Gesture Tutorials";
			sourceTree = "<group>";
		};
		22E267411D427B83000DD04F = {
			isa = PBXGroup;
			children = (
				225CBCB91D4317AB005E06EB /* TutorialKit */,
				22E2674C1D427B83000DD04F /* TutorialKitDemo */,
				22E2674B1D427B83000DD04F /* Products */,
			);
			sourceTree = "<group>";
		};
		22E2674B1D427B83000DD04F /* Products */ = {
			isa = PBXGroup;
			children = (
				22E2674A1D427B83000DD04F /* TutorialKitDemo.app */,
			);
			name = Products;
			sourceTree = "<group>";
		};
		22E2674C1D427B83000DD04F /* TutorialKitDemo */ = {
			isa = PBXGroup;
			children = (
				94FBF7AD1D432A4D00D12213 /* AppDelegate.swift */,
				94FBF7B31D4334D000D12213 /* HomeViewController.swift */,
				94FBF7B51D4336B900D12213 /* SettingsViewController.swift */,
				22E267591D427B83000DD04F /* Main.storyboard */,
				22E2675C1D427B83000DD04F /* Assets.xcassets */,
				22E2675E1D427B83000DD04F /* LaunchScreen.storyboard */,
				22E267611D427B83000DD04F /* Info.plist */,
				22E2674D1D427B83000DD04F /* Supporting Files */,
			);
			path = TutorialKitDemo;
			sourceTree = "<group>";
		};
		22E2674D1D427B83000DD04F /* Supporting Files */ = {
			isa = PBXGroup;
			children = (
				228431921D43FC0900E7172A /* TutorialKitBridgingHeader.h */,
			);
			name = "Supporting Files";
			sourceTree = "<group>";
		};
/* End PBXGroup section */

/* Begin PBXNativeTarget section */
		22E267491D427B83000DD04F /* TutorialKitDemo */ = {
			isa = PBXNativeTarget;
			buildConfigurationList = 22E267641D427B83000DD04F /* Build configuration list for PBXNativeTarget "TutorialKitDemo" */;
			buildPhases = (
				22E267461D427B83000DD04F /* Sources */,
				22E267471D427B83000DD04F /* Frameworks */,
				22E267481D427B83000DD04F /* Resources */,
			);
			buildRules = (
			);
			dependencies = (
			);
			name = TutorialKitDemo;
			productName = TutorialKitDemo;
			productReference = 22E2674A1D427B83000DD04F /* TutorialKitDemo.app */;
			productType = "com.apple.product-type.application";
		};
/* End PBXNativeTarget section */

/* Begin PBXProject section */
		22E267421D427B83000DD04F /* Project object */ = {
			isa = PBXProject;
			attributes = {
				LastUpgradeCheck = 0730;
				ORGANIZATIONNAME = "Aqueous Software";
				TargetAttributes = {
					22E267491D427B83000DD04F = {
						CreatedOnToolsVersion = 7.3.1;
					};
				};
			};
			buildConfigurationList = 22E267451D427B83000DD04F /* Build configuration list for PBXProject "TutorialKitDemo" */;
			compatibilityVersion = "Xcode 3.2";
			developmentRegion = English;
			hasScannedForEncodings = 0;
			knownRegions = (
				en,
				Base,
			);
			mainGroup = 22E267411D427B83000DD04F;
			productRefGroup = 22E2674B1D427B83000DD04F /* Products */;
			projectDirPath = "";
			projectRoot = "";
			targets = (
				22E267491D427B83000DD04F /* TutorialKitDemo */,
			);
		};
/* End PBXProject section */

/* Begin PBXResourcesBuildPhase section */
		22E267481D427B83000DD04F /* Resources */ = {
			isa = PBXResourcesBuildPhase;
			buildActionMask = 2147483647;
			files = (
				22E267601D427B83000DD04F /* LaunchScreen.storyboard in Resources */,
				22E2675D1D427B83000DD04F /* Assets.xcassets in Resources */,
				22E2675B1D427B83000DD04F /* Main.storyboard in Resources */,
			);
			runOnlyForDeploymentPostprocessing = 0;
		};
/* End PBXResourcesBuildPhase section */

/* Begin PBXSourcesBuildPhase section */
		22E267461D427B83000DD04F /* Sources */ = {
			isa = PBXSourcesBuildPhase;
			buildActionMask = 2147483647;
			files = (
				22E267581D427B83000DD04F /* (null) in Sources */,
				222489741D432BFC00594453 /* TKBubbleTutorialView.m in Sources */,
				2284319B1D4437C900E7172A /* TKTapGestureTutorialView.m in Sources */,
				22E267521D427B83000DD04F /* (null) in Sources */,
				225CBCC21D4319F9005E06EB /* TKTutorialTheme.m in Sources */,
				2284319A1D4437C900E7172A /* TKSwipeGestureTutorialView.m in Sources */,
				2284318F1D43E26000E7172A /* TKLabelTutorialView.m in Sources */,
				225CBCB81D431791005E06EB /* TKTutorial.m in Sources */,
				94FBF7B01D432A4D00D12213 /* AppDelegate.swift in Sources */,
				225CBCBF1D431875005E06EB /* TKBannerTutorialView.m in Sources */,
				94FBF7B61D4336B900D12213 /* SettingsViewController.swift in Sources */,
				225CBCBC1D4317DA005E06EB /* TKTutorialView.m in Sources */,
				94FBF7B41D4334D000D12213 /* HomeViewController.swift in Sources */,
			);
			runOnlyForDeploymentPostprocessing = 0;
		};
/* End PBXSourcesBuildPhase section */

/* Begin PBXVariantGroup section */
		22E267591D427B83000DD04F /* Main.storyboard */ = {
			isa = PBXVariantGroup;
			children = (
				22E2675A1D427B83000DD04F /* Base */,
			);
			name = Main.storyboard;
			sourceTree = "<group>";
		};
		22E2675E1D427B83000DD04F /* LaunchScreen.storyboard */ = {
			isa = PBXVariantGroup;
			children = (
				22E2675F1D427B83000DD04F /* Base */,
			);
			name = LaunchScreen.storyboard;
			sourceTree = "<group>";
		};
/* End PBXVariantGroup section */

/* Begin XCBuildConfiguration section */
		22E267621D427B83000DD04F /* Debug */ = {
			isa = XCBuildConfiguration;
			buildSettings = {
				ALWAYS_SEARCH_USER_PATHS = NO;
				CLANG_ANALYZER_NONNULL = YES;
				CLANG_CXX_LANGUAGE_STANDARD = "gnu++0x";
				CLANG_CXX_LIBRARY = "libc++";
				CLANG_ENABLE_MODULES = YES;
				CLANG_ENABLE_OBJC_ARC = YES;
				CLANG_WARN_BOOL_CONVERSION = YES;
				CLANG_WARN_CONSTANT_CONVERSION = YES;
				CLANG_WARN_DIRECT_OBJC_ISA_USAGE = YES_ERROR;
				CLANG_WARN_EMPTY_BODY = YES;
				CLANG_WARN_ENUM_CONVERSION = YES;
				CLANG_WARN_INT_CONVERSION = YES;
				CLANG_WARN_OBJC_ROOT_CLASS = YES_ERROR;
				CLANG_WARN_UNREACHABLE_CODE = YES;
				CLANG_WARN__DUPLICATE_METHOD_MATCH = YES;
				"CODE_SIGN_IDENTITY[sdk=iphoneos*]" = "iPhone Developer";
				COPY_PHASE_STRIP = NO;
				DEBUG_INFORMATION_FORMAT = dwarf;
				ENABLE_STRICT_OBJC_MSGSEND = YES;
				ENABLE_TESTABILITY = YES;
				GCC_C_LANGUAGE_STANDARD = gnu99;
				GCC_DYNAMIC_NO_PIC = NO;
				GCC_NO_COMMON_BLOCKS = YES;
				GCC_OPTIMIZATION_LEVEL = 0;
				GCC_PREPROCESSOR_DEFINITIONS = (
					"DEBUG=1",
					"$(inherited)",
				);
				GCC_WARN_64_TO_32_BIT_CONVERSION = YES;
				GCC_WARN_ABOUT_RETURN_TYPE = YES_ERROR;
				GCC_WARN_UNDECLARED_SELECTOR = YES;
				GCC_WARN_UNINITIALIZED_AUTOS = YES_AGGRESSIVE;
				GCC_WARN_UNUSED_FUNCTION = YES;
				GCC_WARN_UNUSED_VARIABLE = YES;
				IPHONEOS_DEPLOYMENT_TARGET = 9.3;
				MTL_ENABLE_DEBUG_INFO = YES;
				ONLY_ACTIVE_ARCH = YES;
				SDKROOT = iphoneos;
			};
			name = Debug;
		};
		22E267631D427B83000DD04F /* Release */ = {
			isa = XCBuildConfiguration;
			buildSettings = {
				ALWAYS_SEARCH_USER_PATHS = NO;
				CLANG_ANALYZER_NONNULL = YES;
				CLANG_CXX_LANGUAGE_STANDARD = "gnu++0x";
				CLANG_CXX_LIBRARY = "libc++";
				CLANG_ENABLE_MODULES = YES;
				CLANG_ENABLE_OBJC_ARC = YES;
				CLANG_WARN_BOOL_CONVERSION = YES;
				CLANG_WARN_CONSTANT_CONVERSION = YES;
				CLANG_WARN_DIRECT_OBJC_ISA_USAGE = YES_ERROR;
				CLANG_WARN_EMPTY_BODY = YES;
				CLANG_WARN_ENUM_CONVERSION = YES;
				CLANG_WARN_INT_CONVERSION = YES;
				CLANG_WARN_OBJC_ROOT_CLASS = YES_ERROR;
				CLANG_WARN_UNREACHABLE_CODE = YES;
				CLANG_WARN__DUPLICATE_METHOD_MATCH = YES;
				"CODE_SIGN_IDENTITY[sdk=iphoneos*]" = "iPhone Developer";
				COPY_PHASE_STRIP = NO;
				DEBUG_INFORMATION_FORMAT = "dwarf-with-dsym";
				ENABLE_NS_ASSERTIONS = NO;
				ENABLE_STRICT_OBJC_MSGSEND = YES;
				GCC_C_LANGUAGE_STANDARD = gnu99;
				GCC_NO_COMMON_BLOCKS = YES;
				GCC_WARN_64_TO_32_BIT_CONVERSION = YES;
				GCC_WARN_ABOUT_RETURN_TYPE = YES_ERROR;
				GCC_WARN_UNDECLARED_SELECTOR = YES;
				GCC_WARN_UNINITIALIZED_AUTOS = YES_AGGRESSIVE;
				GCC_WARN_UNUSED_FUNCTION = YES;
				GCC_WARN_UNUSED_VARIABLE = YES;
				IPHONEOS_DEPLOYMENT_TARGET = 9.3;
				MTL_ENABLE_DEBUG_INFO = NO;
				SDKROOT = iphoneos;
				VALIDATE_PRODUCT = YES;
			};
			name = Release;
		};
		22E267651D427B83000DD04F /* Debug */ = {
			isa = XCBuildConfiguration;
			buildSettings = {
				ASSETCATALOG_COMPILER_APPICON_NAME = AppIcon;
				CLANG_ENABLE_MODULES = YES;
				INFOPLIST_FILE = TutorialKitDemo/Info.plist;
				LD_RUNPATH_SEARCH_PATHS = "$(inherited) @executable_path/Frameworks";
				PRODUCT_BUNDLE_IDENTIFIER = com.aqueous.TutorialKitDemo;
				PRODUCT_NAME = "$(TARGET_NAME)";
				SWIFT_OBJC_BRIDGING_HEADER = TutorialKitDemo/TutorialKitBridgingHeader.h;
				SWIFT_OPTIMIZATION_LEVEL = "-Onone";
			};
			name = Debug;
		};
		22E267661D427B83000DD04F /* Release */ = {
			isa = XCBuildConfiguration;
			buildSettings = {
				ASSETCATALOG_COMPILER_APPICON_NAME = AppIcon;
				CLANG_ENABLE_MODULES = YES;
				INFOPLIST_FILE = TutorialKitDemo/Info.plist;
				LD_RUNPATH_SEARCH_PATHS = "$(inherited) @executable_path/Frameworks";
				PRODUCT_BUNDLE_IDENTIFIER = com.aqueous.TutorialKitDemo;
				PRODUCT_NAME = "$(TARGET_NAME)";
				SWIFT_OBJC_BRIDGING_HEADER = TutorialKitDemo/TutorialKitBridgingHeader.h;
			};
			name = Release;
		};
/* End XCBuildConfiguration section */

/* Begin XCConfigurationList section */
		22E267451D427B83000DD04F /* Build configuration list for PBXProject "TutorialKitDemo" */ = {
			isa = XCConfigurationList;
			buildConfigurations = (
				22E267621D427B83000DD04F /* Debug */,
				22E267631D427B83000DD04F /* Release */,
			);
			defaultConfigurationIsVisible = 0;
			defaultConfigurationName = Release;
		};
		22E267641D427B83000DD04F /* Build configuration list for PBXNativeTarget "TutorialKitDemo" */ = {
			isa = XCConfigurationList;
			buildConfigurations = (
				22E267651D427B83000DD04F /* Debug */,
				22E267661D427B83000DD04F /* Release */,
			);
			defaultConfigurationIsVisible = 0;
			defaultConfigurationName = Release;
		};
/* End XCConfigurationList section */
	};
	rootObject = 22E267421D427B83000DD04F /* Project object */;
}
